
Microsoft Visual Studio Solution File, Format Version 12.00
# Visual Studio Version 17
VisualStudioVersion = 17.9.34701.34
MinimumVisualStudioVersion = 10.0.40219.1
Project("{FAE04EC0-301F-11D3-BF4B-00C04F79EFBC}") = "Subscribers.Models", "Subscriber.Models\Subscribers.Models.csproj", "{7AD9898E-802F-4D79-91C0-A0471D3A036F}"
EndProject
Project("{FAE04EC0-301F-11D3-BF4B-00C04F79EFBC}") = "Subscribers.Contracts", "Subscribers.Contracts\Subscribers.Contracts.csproj", "{6BC4B3B4-A7ED-4117-9E5A-293A4AD124FB}"
EndProject
Project("{FAE04EC0-301F-11D3-BF4B-00C04F79EFBC}") = "Subscribers.Services", "Subscribers.Services\Subscribers.Services.csproj", "{68E59668-1414-4BE9-956B-0B91E9F850B3}"
EndProject
Project("{FAE04EC0-301F-11D3-BF4B-00C04F79EFBC}") = "Subscribers.WebApi", "Subscribers.WebApi\Subscribers.WebApi.csproj", "{6E33643C-4F28-4FB8-B3CD-31DFF621B4B2}"
EndProject
Project("{FAE04EC0-301F-11D3-BF4B-00C04F79EFBC}") = "Subscribers.Repositories", "Subscribers.Repositories\Subscribers.Repositories.csproj", "{BFEFE6E9-6163-47EF-BE55-5D9777EB19EE}"
EndProject
Global
	GlobalSection(SolutionConfigurationPlatforms) = preSolution
		Debug|Any CPU = Debug|Any CPU
		Release|Any CPU = Release|Any CPU
	EndGlobalSection
	GlobalSection(ProjectConfigurationPlatforms) = postSolution
		{7AD9898E-802F-4D79-91C0-A0471D3A036F}.Debug|Any CPU.ActiveCfg = Debug|Any CPU
		{7AD9898E-802F-4D79-91C0-A0471D3A036F}.Debug|Any CPU.Build.0 = Debug|Any CPU
		{7AD9898E-802F-4D79-91C0-A0471D3A036F}.Release|Any CPU.ActiveCfg = Release|Any CPU
		{7AD9898E-802F-4D79-91C0-A0471D3A036F}.Release|Any CPU.Build.0 = Release|Any CPU
		{6BC4B3B4-A7ED-4117-9E5A-293A4AD124FB}.Debug|Any CPU.ActiveCfg = Debug|Any CPU
		{6BC4B3B4-A7ED-4117-9E5A-293A4AD124FB}.Debug|Any CPU.Build.0 = Debug|Any CPU
		{6BC4B3B4-A7ED-4117-9E5A-293A4AD124FB}.Release|Any CPU.ActiveCfg = Release|Any CPU
		{6BC4B3B4-A7ED-4117-9E5A-293A4AD124FB}.Release|Any CPU.Build.0 = Release|Any CPU
		{68E59668-1414-4BE9-956B-0B91E9F850B3}.Debug|Any CPU.ActiveCfg = Debug|Any CPU
		{68E59668-1414-4BE9-956B-0B91E9F850B3}.Debug|Any CPU.Build.0 = Debug|Any CPU
		{68E59668-1414-4BE9-956B-0B91E9F850B3}.Release|Any CPU.ActiveCfg = Release|Any CPU
		{68E59668-1414-4BE9-956B-0B91E9F850B3}.Release|Any CPU.Build.0 = Release|Any CPU
		{6E33643C-4F28-4FB8-B3CD-31DFF621B4B2}.Debug|Any CPU.ActiveCfg = Debug|Any CPU
		{6E33643C-4F28-4FB8-B3CD-31DFF621B4B2}.Debug|Any CPU.Build.0 = Debug|Any CPU
		{6E33643C-4F28-4FB8-B3CD-31DFF621B4B2}.Release|Any CPU.ActiveCfg = Release|Any CPU
		{6E33643C-4F28-4FB8-B3CD-31DFF621B4B2}.Release|Any CPU.Build.0 = Release|Any CPU
		{BFEFE6E9-6163-47EF-BE55-5D9777EB19EE}.Debug|Any CPU.ActiveCfg = Debug|Any CPU
		{BFEFE6E9-6163-47EF-BE55-5D9777EB19EE}.Debug|Any CPU.Build.0 = Debug|Any CPU
		{BFEFE6E9-6163-47EF-BE55-5D9777EB19EE}.Release|Any CPU.ActiveCfg = Release|Any CPU
		{BFEFE6E9-6163-47EF-BE55-5D9777EB19EE}.Release|Any CPU.Build.0 = Release|Any CPU
	EndGlobalSection
	GlobalSection(SolutionProperties) = preSolution
		HideSolutionNode = FALSE
	EndGlobalSection
	GlobalSection(ExtensibilityGlobals) = postSolution
		SolutionGuid = {B520D5D7-6070-4E25-9B8A-24C72B6B0394}
	EndGlobalSection
EndGlobal
